// !$*UTF8*$!
{
	archiveVersion = 1;
	classes = {
	};
	objectVersion = 56;
	objects = {

/* Begin PBXBuildFile section */
		56C72ED9290C6D94001A23A1 /* AppDelegate.swift in Sources */ = {isa = PBXBuildFile; fileRef = 56C72ED8290C6D94001A23A1 /* AppDelegate.swift */; };
		56C72EDB290C6D94001A23A1 /* SceneDelegate.swift in Sources */ = {isa = PBXBuildFile; fileRef = 56C72EDA290C6D94001A23A1 /* SceneDelegate.swift */; };
		56C72EDD290C6D94001A23A1 /* ViewController.swift in Sources */ = {isa = PBXBuildFile; fileRef = 56C72EDC290C6D94001A23A1 /* ViewController.swift */; };
		56C72EE0290C6D94001A23A1 /* Main.storyboard in Resources */ = {isa = PBXBuildFile; fileRef = 56C72EDE290C6D94001A23A1 /* Main.storyboard */; };
		56C72EE2290C6D96001A23A1 /* Assets.xcassets in Resources */ = {isa = PBXBuildFile; fileRef = 56C72EE1290C6D96001A23A1 /* Assets.xcassets */; };
		56C72EE5290C6D96001A23A1 /* LaunchScreen.storyboard in Resources */ = {isa = PBXBuildFile; fileRef = 56C72EE3290C6D96001A23A1 /* LaunchScreen.storyboard */; };
		56C72EED290C6E15001A23A1 /* SignupViewController.swift in Sources */ = {isa = PBXBuildFile; fileRef = 56C72EEC290C6E15001A23A1 /* SignupViewController.swift */; };
		56C72EF1290C6E91001A23A1 /* HomeViewController.swift in Sources */ = {isa = PBXBuildFile; fileRef = 56C72EF0290C6E91001A23A1 /* HomeViewController.swift */; };
		56E6C9C329147B1A00D4DBA7 /* LoginViewController.swift in Sources */ = {isa = PBXBuildFile; fileRef = 56E6C9C229147B1A00D4DBA7 /* LoginViewController.swift */; };
/* End PBXBuildFile section */

/* Begin PBXFileReference section */
		56C72ED5290C6D94001A23A1 /* FindMyHerd.app */ = {isa = PBXFileReference; explicitFileType = wrapper.application; includeInIndex = 0; path = FindMyHerd.app; sourceTree = BUILT_PRODUCTS_DIR; };
		56C72ED8290C6D94001A23A1 /* AppDelegate.swift */ = {isa = PBXFileReference; lastKnownFileType = sourcecode.swift; path = AppDelegate.swift; sourceTree = "<group>"; };
		56C72EDA290C6D94001A23A1 /* SceneDelegate.swift */ = {isa = PBXFileReference; lastKnownFileType = sourcecode.swift; path = SceneDelegate.swift; sourceTree = "<group>"; };
		56C72EDC290C6D94001A23A1 /* ViewController.swift */ = {isa = PBXFileReference; lastKnownFileType = sourcecode.swift; path = ViewController.swift; sourceTree = "<group>"; };
		56C72EDF290C6D94001A23A1 /* Base */ = {isa = PBXFileReference; lastKnownFileType = file.storyboard; name = Base; path = Base.lproj/Main.storyboard; sourceTree = "<group>"; };
		56C72EE1290C6D96001A23A1 /* Assets.xcassets */ = {isa = PBXFileReference; lastKnownFileType = folder.assetcatalog; path = Assets.xcassets; sourceTree = "<group>"; };
		56C72EE4290C6D96001A23A1 /* Base */ = {isa = PBXFileReference; lastKnownFileType = file.storyboard; name = Base; path = Base.lproj/LaunchScreen.storyboard; sourceTree = "<group>"; };
		56C72EE6290C6D96001A23A1 /* Info.plist */ = {isa = PBXFileReference; lastKnownFileType = text.plist.xml; path = Info.plist; sourceTree = "<group>"; };
		56C72EEC290C6E15001A23A1 /* SignupViewController.swift */ = {isa = PBXFileReference; lastKnownFileType = sourcecode.swift; path = SignupViewController.swift; sourceTree = "<group>"; };
		56C72EF0290C6E91001A23A1 /* HomeViewController.swift */ = {isa = PBXFileReference; lastKnownFileType = sourcecode.swift; path = HomeViewController.swift; sourceTree = "<group>"; };
		56E6C9C229147B1A00D4DBA7 /* LoginViewController.swift */ = {isa = PBXFileReference; lastKnownFileType = sourcecode.swift; path = LoginViewController.swift; sourceTree = "<group>"; };
/* End PBXFileReference section */

/* Begin PBXFrameworksBuildPhase section */
		56C72ED2290C6D94001A23A1 /* Frameworks */ = {
			isa = PBXFrameworksBuildPhase;
			buildActionMask = 2147483647;
			files = (
			);
			runOnlyForDeploymentPostprocessing = 0;
		};
/* End PBXFrameworksBuildPhase section */

/* Begin PBXGroup section */
		56C72ECC290C6D94001A23A1 = {
			isa = PBXGroup;
			children = (
				56C72ED7290C6D94001A23A1 /* FindMyHerd */,
				56C72ED6290C6D94001A23A1 /* Products */,
			);
			sourceTree = "<group>";
		};
		56C72ED6290C6D94001A23A1 /* Products */ = {
			isa = PBXGroup;
			children = (
				56C72ED5290C6D94001A23A1 /* FindMyHerd.app */,
			);
			name = Products;
			sourceTree = "<group>";
		};
		56C72ED7290C6D94001A23A1 /* FindMyHerd */ = {
			isa = PBXGroup;
			children = (
				56C72EF2290C6EA8001A23A1 /* View Controllers */,
				56C72ED8290C6D94001A23A1 /* AppDelegate.swift */,
				56C72EDA290C6D94001A23A1 /* SceneDelegate.swift */,
				56C72EDE290C6D94001A23A1 /* Main.storyboard */,
				56C72EE1290C6D96001A23A1 /* Assets.xcassets */,
				56C72EE3290C6D96001A23A1 /* LaunchScreen.storyboard */,
				56C72EE6290C6D96001A23A1 /* Info.plist */,
			);
			path = FindMyHerd;
			sourceTree = "<group>";
		};
		56C72EF2290C6EA8001A23A1 /* View Controllers */ = {
			isa = PBXGroup;
			children = (
				56C72EEC290C6E15001A23A1 /* SignupViewController.swift */,
				56E6C9C229147B1A00D4DBA7 /* LoginViewController.swift */,
				56C72EF0290C6E91001A23A1 /* HomeViewController.swift */,
				56C72EDC290C6D94001A23A1 /* ViewController.swift */,
			);
			path = "View Controllers";
			sourceTree = "<group>";
		};
/* End PBXGroup section */

/* Begin PBXNativeTarget section */
		56C72ED4290C6D94001A23A1 /* FindMyHerd */ = {
			isa = PBXNativeTarget;
			buildConfigurationList = 56C72EE9290C6D96001A23A1 /* Build configuration list for PBXNativeTarget "FindMyHerd" */;
			buildPhases = (
				56C72ED1290C6D94001A23A1 /* Sources */,
				56C72ED2290C6D94001A23A1 /* Frameworks */,
				56C72ED3290C6D94001A23A1 /* Resources */,
			);
			buildRules = (
			);
			dependencies = (
			);
			name = FindMyHerd;
			productName = FindMyHerd;
			productReference = 56C72ED5290C6D94001A23A1 /* FindMyHerd.app */;
			productType = "com.apple.product-type.application";
		};
/* End PBXNativeTarget section */

/* Begin PBXProject section */
		56C72ECD290C6D94001A23A1 /* Project object */ = {
			isa = PBXProject;
			attributes = {
				BuildIndependentTargetsInParallel = 1;
				LastSwiftUpdateCheck = 1400;
				LastUpgradeCheck = 1400;
				TargetAttributes = {
					56C72ED4290C6D94001A23A1 = {
						CreatedOnToolsVersion = 14.0.1;
					};
				};
			};
			buildConfigurationList = 56C72ED0290C6D94001A23A1 /* Build configuration list for PBXProject "FindMyHerd" */;
			compatibilityVersion = "Xcode 14.0";
			developmentRegion = en;
			hasScannedForEncodings = 0;
			knownRegions = (
				en,
				Base,
			);
			mainGroup = 56C72ECC290C6D94001A23A1;
			productRefGroup = 56C72ED6290C6D94001A23A1 /* Products */;
			projectDirPath = "";
			projectRoot = "";
			targets = (
				56C72ED4290C6D94001A23A1 /* FindMyHerd */,
			);
		};
/* End PBXProject section */

/* Begin PBXResourcesBuildPhase section */
		56C72ED3290C6D94001A23A1 /* Resources */ = {
			isa = PBXResourcesBuildPhase;
			buildActionMask = 2147483647;
			files = (
				56C72EE5290C6D96001A23A1 /* LaunchScreen.storyboard in Resources */,
				56C72EE2290C6D96001A23A1 /* Assets.xcassets in Resources */,
				56C72EE0290C6D94001A23A1 /* Main.storyboard in Resources */,
			);
			runOnlyForDeploymentPostprocessing = 0;
		};
/* End PBXResourcesBuildPhase section */

/* Begin PBXSourcesBuildPhase section */
		56C72ED1290C6D94001A23A1 /* Sources */ = {
			isa = PBXSourcesBuildPhase;
			buildActionMask = 2147483647;
			files = (
				56E6C9C329147B1A00D4DBA7 /* LoginViewController.swift in Sources */,
				56C72EDD290C6D94001A23A1 /* ViewController.swift in Sources */,
				56C72ED9290C6D94001A23A1 /* AppDelegate.swift in Sources */,
				56C72EED290C6E15001A23A1 /* SignupViewController.swift in Sources */,
				56C72EDB290C6D94001A23A1 /* SceneDelegate.swift in Sources */,
				56C72EF1290C6E91001A23A1 /* HomeViewController.swift in Sources */,
			);
			runOnlyForDeploymentPostprocessing = 0;
		};
/* End PBXSourcesBuildPhase section */

/* Begin PBXVariantGroup section */
		56C72EDE290C6D94001A23A1 /* Main.storyboard */ = {
			isa = PBXVariantGroup;
			children = (
				56C72EDF290C6D94001A23A1 /* Base */,
			);
			name = Main.storyboard;
			sourceTree = "<group>";
		};
		56C72EE3290C6D96001A23A1 /* LaunchScreen.storyboard */ = {
			isa = PBXVariantGroup;
			children = (
				56C72EE4290C6D96001A23A1 /* Base */,
			);
			name = LaunchScreen.storyboard;
			sourceTree = "<group>";
		};
/* End PBXVariantGroup section */

/* Begin XCBuildConfiguration section */
		56C72EE7290C6D96001A23A1 /* Debug */ = {
			isa = XCBuildConfiguration;
			buildSettings = {
				ALWAYS_SEARCH_USER_PATHS = NO;
				CLANG_ANALYZER_NONNULL = YES;
				CLANG_ANALYZER_NUMBER_OBJECT_CONVERSION = YES_AGGRESSIVE;
				CLANG_CXX_LANGUAGE_STANDARD = "gnu++20";
				CLANG_ENABLE_MODULES = YES;
				CLANG_ENABLE_OBJC_ARC = YES;
				CLANG_ENABLE_OBJC_WEAK = YES;
				CLANG_WARN_BLOCK_CAPTURE_AUTORELEASING = YES;
				CLANG_WARN_BOOL_CONVERSION = YES;
				CLANG_WARN_COMMA = YES;
				CLANG_WARN_CONSTANT_CONVERSION = YES;
				CLANG_WARN_DEPRECATED_OBJC_IMPLEMENTATIONS = YES;
				CLANG_WARN_DIRECT_OBJC_ISA_USAGE = YES_ERROR;
				CLANG_WARN_DOCUMENTATION_COMMENTS = YES;
				CLANG_WARN_EMPTY_BODY = YES;
				CLANG_WARN_ENUM_CONVERSION = YES;
				CLANG_WARN_INFINITE_RECURSION = YES;
				CLANG_WARN_INT_CONVERSION = YES;
				CLANG_WARN_NON_LITERAL_NULL_CONVERSION = YES;
				CLANG_WARN_OBJC_IMPLICIT_RETAIN_SELF = YES;
				CLANG_WARN_OBJC_LITERAL_CONVERSION = YES;
				CLANG_WARN_OBJC_ROOT_CLASS = YES_ERROR;
				CLANG_WARN_QUOTED_INCLUDE_IN_FRAMEWORK_HEADER = YES;
				CLANG_WARN_RANGE_LOOP_ANALYSIS = YES;
				CLANG_WARN_STRICT_PROTOTYPES = YES;
				CLANG_WARN_SUSPICIOUS_MOVE = YES;
				CLANG_WARN_UNGUARDED_AVAILABILITY = YES_AGGRESSIVE;
				CLANG_WARN_UNREACHABLE_CODE = YES;
				CLANG_WARN__DUPLICATE_METHOD_MATCH = YES;
				COPY_PHASE_STRIP = NO;
				DEBUG_INFORMATION_FORMAT = dwarf;
				ENABLE_STRICT_OBJC_MSGSEND = YES;
				ENABLE_TESTABILITY = YES;
				GCC_C_LANGUAGE_STANDARD = gnu11;
				GCC_DYNAMIC_NO_PIC = NO;
				GCC_NO_COMMON_BLOCKS = YES;
				GCC_OPTIMIZATION_LEVEL = 0;
				GCC_PREPROCESSOR_DEFINITIONS = (
					"DEBUG=1",
					"$(inherited)",
				);
				GCC_WARN_64_TO_32_BIT_CONVERSION = YES;
				GCC_WARN_ABOUT_RETURN_TYPE = YES_ERROR;
				GCC_WARN_UNDECLARED_SELECTOR = YES;
				GCC_WARN_UNINITIALIZED_AUTOS = YES_AGGRESSIVE;
				GCC_WARN_UNUSED_FUNCTION = YES;
				GCC_WARN_UNUSED_VARIABLE = YES;
				IPHONEOS_DEPLOYMENT_TARGET = 16.0;
				MTL_ENABLE_DEBUG_INFO = INCLUDE_SOURCE;
				MTL_FAST_MATH = YES;
				ONLY_ACTIVE_ARCH = YES;
				SDKROOT = iphoneos;
				SWIFT_ACTIVE_COMPILATION_CONDITIONS = DEBUG;
				SWIFT_OPTIMIZATION_LEVEL = "-Onone";
			};
			name = Debug;
		};
		56C72EE8290C6D96001A23A1 /* Release */ = {
			isa = XCBuildConfiguration;
			buildSettings = {
				ALWAYS_SEARCH_USER_PATHS = NO;
				CLANG_ANALYZER_NONNULL = YES;
				CLANG_ANALYZER_NUMBER_OBJECT_CONVERSION = YES_AGGRESSIVE;
				CLANG_CXX_LANGUAGE_STANDARD = "gnu++20";
				CLANG_ENABLE_MODULES = YES;
				CLANG_ENABLE_OBJC_ARC = YES;
				CLANG_ENABLE_OBJC_WEAK = YES;
				CLANG_WARN_BLOCK_CAPTURE_AUTORELEASING = YES;
				CLANG_WARN_BOOL_CONVERSION = YES;
				CLANG_WARN_COMMA = YES;
				CLANG_WARN_CONSTANT_CONVERSION = YES;
				CLANG_WARN_DEPRECATED_OBJC_IMPLEMENTATIONS = YES;
				CLANG_WARN_DIRECT_OBJC_ISA_USAGE = YES_ERROR;
				CLANG_WARN_DOCUMENTATION_COMMENTS = YES;
				CLANG_WARN_EMPTY_BODY = YES;
				CLANG_WARN_ENUM_CONVERSION = YES;
				CLANG_WARN_INFINITE_RECURSION = YES;
				CLANG_WARN_INT_CONVERSION = YES;
				CLANG_WARN_NON_LITERAL_NULL_CONVERSION = YES;
				CLANG_WARN_OBJC_IMPLICIT_RETAIN_SELF = YES;
				CLANG_WARN_OBJC_LITERAL_CONVERSION = YES;
				CLANG_WARN_OBJC_ROOT_CLASS = YES_ERROR;
				CLANG_WARN_QUOTED_INCLUDE_IN_FRAMEWORK_HEADER = YES;
				CLANG_WARN_RANGE_LOOP_ANALYSIS = YES;
				CLANG_WARN_STRICT_PROTOTYPES = YES;
				CLANG_WARN_SUSPICIOUS_MOVE = YES;
				CLANG_WARN_UNGUARDED_AVAILABILITY = YES_AGGRESSIVE;
				CLANG_WARN_UNREACHABLE_CODE = YES;
				CLANG_WARN__DUPLICATE_METHOD_MATCH = YES;
				COPY_PHASE_STRIP = NO;
				DEBUG_INFORMATION_FORMAT = "dwarf-with-dsym";
				ENABLE_NS_ASSERTIONS = NO;
				ENABLE_STRICT_OBJC_MSGSEND = YES;
				GCC_C_LANGUAGE_STANDARD = gnu11;
				GCC_NO_COMMON_BLOCKS = YES;
				GCC_WARN_64_TO_32_BIT_CONVERSION = YES;
				GCC_WARN_ABOUT_RETURN_TYPE = YES_ERROR;
				GCC_WARN_UNDECLARED_SELECTOR = YES;
				GCC_WARN_UNINITIALIZED_AUTOS = YES_AGGRESSIVE;
				GCC_WARN_UNUSED_FUNCTION = YES;
				GCC_WARN_UNUSED_VARIABLE = YES;
				IPHONEOS_DEPLOYMENT_TARGET = 16.0;
				MTL_ENABLE_DEBUG_INFO = NO;
				MTL_FAST_MATH = YES;
				SDKROOT = iphoneos;
				SWIFT_COMPILATION_MODE = wholemodule;
				SWIFT_OPTIMIZATION_LEVEL = "-O";
				VALIDATE_PRODUCT = YES;
			};
			name = Release;
		};
		56C72EEA290C6D96001A23A1 /* Debug */ = {
			isa = XCBuildConfiguration;
			buildSettings = {
				ASSETCATALOG_COMPILER_APPICON_NAME = AppIcon;
				ASSETCATALOG_COMPILER_GLOBAL_ACCENT_COLOR_NAME = AccentColor;
				CODE_SIGN_STYLE = Automatic;
				CURRENT_PROJECT_VERSION = 1;
				GENERATE_INFOPLIST_FILE = YES;
				INFOPLIST_FILE = FindMyHerd/Info.plist;
				INFOPLIST_KEY_UIApplicationSupportsIndirectInputEvents = YES;
				INFOPLIST_KEY_UILaunchStoryboardName = LaunchScreen;
				INFOPLIST_KEY_UIMainStoryboardFile = Main;
				INFOPLIST_KEY_UISupportedInterfaceOrientations_iPad = "UIInterfaceOrientationPortrait UIInterfaceOrientationPortraitUpsideDown UIInterfaceOrientationLandscapeLeft UIInterfaceOrientationLandscapeRight";
				INFOPLIST_KEY_UISupportedInterfaceOrientations_iPhone = "UIInterfaceOrientationPortrait UIInterfaceOrientationLandscapeLeft UIInterfaceOrientationLandscapeRight";
				LD_RUNPATH_SEARCH_PATHS = (
					"$(inherited)",
					"@executable_path/Frameworks",
				);
				MARKETING_VERSION = 1.0;
				PRODUCT_BUNDLE_IDENTIFIER = Herd.FindMyHerd;
				PRODUCT_NAME = "$(TARGET_NAME)";
				SWIFT_EMIT_LOC_STRINGS = YES;
				SWIFT_VERSION = 5.0;
				TARGETED_DEVICE_FAMILY = "1,2";
			};
			name = Debug;
		};
		56C72EEB290C6D96001A23A1 /* Release */ = {
			isa = XCBuildConfiguration;
			buildSettings = {
				ASSETCATALOG_COMPILER_APPICON_NAME = AppIcon;
				ASSETCATALOG_COMPILER_GLOBAL_ACCENT_COLOR_NAME = AccentColor;
				CODE_SIGN_STYLE = Automatic;
				CURRENT_PROJECT_VERSION = 1;
				GENERATE_INFOPLIST_FILE = YES;
				INFOPLIST_FILE = FindMyHerd/Info.plist;
				INFOPLIST_KEY_UIApplicationSupportsIndirectInputEvents = YES;
				INFOPLIST_KEY_UILaunchStoryboardName = LaunchScreen;
				INFOPLIST_KEY_UIMainStoryboardFile = Main;
				INFOPLIST_KEY_UISupportedInterfaceOrientations_iPad = "UIInterfaceOrientationPortrait UIInterfaceOrientationPortraitUpsideDown UIInterfaceOrientationLandscapeLeft UIInterfaceOrientationLandscapeRight";
				INFOPLIST_KEY_UISupportedInterfaceOrientations_iPhone = "UIInterfaceOrientationPortrait UIInterfaceOrientationLandscapeLeft UIInterfaceOrientationLandscapeRight";
				LD_RUNPATH_SEARCH_PATHS = (
					"$(inherited)",
					"@executable_path/Frameworks",
				);
				MARKETING_VERSION = 1.0;
				PRODUCT_BUNDLE_IDENTIFIER = Herd.FindMyHerd;
				PRODUCT_NAME = "$(TARGET_NAME)";
				SWIFT_EMIT_LOC_STRINGS = YES;
				SWIFT_VERSION = 5.0;
				TARGETED_DEVICE_FAMILY = "1,2";
			};
			name = Release;
		};
/* End XCBuildConfiguration section */

/* Begin XCConfigurationList section */
		56C72ED0290C6D94001A23A1 /* Build configuration list for PBXProject "FindMyHerd" */ = {
			isa = XCConfigurationList;
			buildConfigurations = (
				56C72EE7290C6D96001A23A1 /* Debug */,
				56C72EE8290C6D96001A23A1 /* Release */,
			);
			defaultConfigurationIsVisible = 0;
			defaultConfigurationName = Release;
		};
		56C72EE9290C6D96001A23A1 /* Build configuration list for PBXNativeTarget "FindMyHerd" */ = {
			isa = XCConfigurationList;
			buildConfigurations = (
				56C72EEA290C6D96001A23A1 /* Debug */,
				56C72EEB290C6D96001A23A1 /* Release */,
			);
			defaultConfigurationIsVisible = 0;
			defaultConfigurationName = Release;
		};
/* End XCConfigurationList section */
	};
	rootObject = 56C72ECD290C6D94001A23A1 /* Project object */;
}
