// !$*UTF8*$!
{
	archiveVersion = 1;
	classes = {
	};
	objectVersion = 56;
	objects = {

/* Begin PBXBuildFile section */
		566EDF9228FDE91900FD0E4A /* FindMyHerdApp.swift in Sources */ = {isa = PBXBuildFile; fileRef = 566EDF9128FDE91900FD0E4A /* FindMyHerdApp.swift */; };
		566EDF9428FDE91900FD0E4A /* ContentView.swift in Sources */ = {isa = PBXBuildFile; fileRef = 566EDF9328FDE91900FD0E4A /* ContentView.swift */; };
		566EDF9628FDE91B00FD0E4A /* Assets.xcassets in Resources */ = {isa = PBXBuildFile; fileRef = 566EDF9528FDE91B00FD0E4A /* Assets.xcassets */; };
		566EDF9928FDE91B00FD0E4A /* Preview Assets.xcassets in Resources */ = {isa = PBXBuildFile; fileRef = 566EDF9828FDE91B00FD0E4A /* Preview Assets.xcassets */; };
		566EDFA328FDE91B00FD0E4A /* FindMyHerdTests.swift in Sources */ = {isa = PBXBuildFile; fileRef = 566EDFA228FDE91B00FD0E4A /* FindMyHerdTests.swift */; };
		566EDFAD28FDE91B00FD0E4A /* FindMyHerdUITests.swift in Sources */ = {isa = PBXBuildFile; fileRef = 566EDFAC28FDE91B00FD0E4A /* FindMyHerdUITests.swift */; };
		566EDFAF28FDE91B00FD0E4A /* FindMyHerdUITestsLaunchTests.swift in Sources */ = {isa = PBXBuildFile; fileRef = 566EDFAE28FDE91B00FD0E4A /* FindMyHerdUITestsLaunchTests.swift */; };
		56EB4C48290717A60082B192 /* user_info.swift in Sources */ = {isa = PBXBuildFile; fileRef = 56EB4C47290717A60082B192 /* user_info.swift */; };
		56EB4C4B29071FC10082B192 /* FirebaseAnalytics in Frameworks */ = {isa = PBXBuildFile; productRef = 56EB4C4A29071FC10082B192 /* FirebaseAnalytics */; };
		56EB4C4D29071FC10082B192 /* FirebaseAnalyticsSwift in Frameworks */ = {isa = PBXBuildFile; productRef = 56EB4C4C29071FC10082B192 /* FirebaseAnalyticsSwift */; };
		56EB4C4F29071FC10082B192 /* FirebaseAuth in Frameworks */ = {isa = PBXBuildFile; productRef = 56EB4C4E29071FC10082B192 /* FirebaseAuth */; };
		56EB4C5129071FC10082B192 /* FirebaseAuthCombine-Community in Frameworks */ = {isa = PBXBuildFile; productRef = 56EB4C5029071FC10082B192 /* FirebaseAuthCombine-Community */; };
		56EB4C5329071FC10082B192 /* FirebaseDatabase in Frameworks */ = {isa = PBXBuildFile; productRef = 56EB4C5229071FC10082B192 /* FirebaseDatabase */; };
		56EB4C5529071FC10082B192 /* FirebaseDatabaseSwift in Frameworks */ = {isa = PBXBuildFile; productRef = 56EB4C5429071FC10082B192 /* FirebaseDatabaseSwift */; };
		56EB4C5729071FC10082B192 /* FirebaseFunctions in Frameworks */ = {isa = PBXBuildFile; productRef = 56EB4C5629071FC10082B192 /* FirebaseFunctions */; };
		56EB4C5929071FC10082B192 /* FirebaseInAppMessaging-Beta in Frameworks */ = {isa = PBXBuildFile; productRef = 56EB4C5829071FC10082B192 /* FirebaseInAppMessaging-Beta */; };
		56EB4C5B29071FC10082B192 /* FirebaseMessaging in Frameworks */ = {isa = PBXBuildFile; productRef = 56EB4C5A29071FC10082B192 /* FirebaseMessaging */; };
		56EB4C5D29071FC10082B192 /* FirebaseStorage in Frameworks */ = {isa = PBXBuildFile; productRef = 56EB4C5C29071FC10082B192 /* FirebaseStorage */; };
/* End PBXBuildFile section */

/* Begin PBXContainerItemProxy section */
		566EDF9F28FDE91B00FD0E4A /* PBXContainerItemProxy */ = {
			isa = PBXContainerItemProxy;
			containerPortal = 566EDF8628FDE91900FD0E4A /* Project object */;
			proxyType = 1;
			remoteGlobalIDString = 566EDF8D28FDE91900FD0E4A;
			remoteInfo = FindMyHerd;
		};
		566EDFA928FDE91B00FD0E4A /* PBXContainerItemProxy */ = {
			isa = PBXContainerItemProxy;
			containerPortal = 566EDF8628FDE91900FD0E4A /* Project object */;
			proxyType = 1;
			remoteGlobalIDString = 566EDF8D28FDE91900FD0E4A;
			remoteInfo = FindMyHerd;
		};
/* End PBXContainerItemProxy section */

/* Begin PBXFileReference section */
		566EDF8E28FDE91900FD0E4A /* FindMyHerd.app */ = {isa = PBXFileReference; explicitFileType = wrapper.application; includeInIndex = 0; path = FindMyHerd.app; sourceTree = BUILT_PRODUCTS_DIR; };
		566EDF9128FDE91900FD0E4A /* FindMyHerdApp.swift */ = {isa = PBXFileReference; lastKnownFileType = sourcecode.swift; path = FindMyHerdApp.swift; sourceTree = "<group>"; };
		566EDF9328FDE91900FD0E4A /* ContentView.swift */ = {isa = PBXFileReference; lastKnownFileType = sourcecode.swift; path = ContentView.swift; sourceTree = "<group>"; };
		566EDF9528FDE91B00FD0E4A /* Assets.xcassets */ = {isa = PBXFileReference; lastKnownFileType = folder.assetcatalog; path = Assets.xcassets; sourceTree = "<group>"; };
		566EDF9828FDE91B00FD0E4A /* Preview Assets.xcassets */ = {isa = PBXFileReference; lastKnownFileType = folder.assetcatalog; path = "Preview Assets.xcassets"; sourceTree = "<group>"; };
		566EDF9E28FDE91B00FD0E4A /* FindMyHerdTests.xctest */ = {isa = PBXFileReference; explicitFileType = wrapper.cfbundle; includeInIndex = 0; path = FindMyHerdTests.xctest; sourceTree = BUILT_PRODUCTS_DIR; };
		566EDFA228FDE91B00FD0E4A /* FindMyHerdTests.swift */ = {isa = PBXFileReference; lastKnownFileType = sourcecode.swift; path = FindMyHerdTests.swift; sourceTree = "<group>"; };
		566EDFA828FDE91B00FD0E4A /* FindMyHerdUITests.xctest */ = {isa = PBXFileReference; explicitFileType = wrapper.cfbundle; includeInIndex = 0; path = FindMyHerdUITests.xctest; sourceTree = BUILT_PRODUCTS_DIR; };
		566EDFAC28FDE91B00FD0E4A /* FindMyHerdUITests.swift */ = {isa = PBXFileReference; lastKnownFileType = sourcecode.swift; path = FindMyHerdUITests.swift; sourceTree = "<group>"; };
		566EDFAE28FDE91B00FD0E4A /* FindMyHerdUITestsLaunchTests.swift */ = {isa = PBXFileReference; lastKnownFileType = sourcecode.swift; path = FindMyHerdUITestsLaunchTests.swift; sourceTree = "<group>"; };
		56EB4C47290717A60082B192 /* user_info.swift */ = {isa = PBXFileReference; lastKnownFileType = sourcecode.swift; path = user_info.swift; sourceTree = "<group>"; };
/* End PBXFileReference section */

/* Begin PBXFrameworksBuildPhase section */
		566EDF8B28FDE91900FD0E4A /* Frameworks */ = {
			isa = PBXFrameworksBuildPhase;
			buildActionMask = 2147483647;
			files = (
				56EB4C5B29071FC10082B192 /* FirebaseMessaging in Frameworks */,
				56EB4C5529071FC10082B192 /* FirebaseDatabaseSwift in Frameworks */,
				56EB4C5729071FC10082B192 /* FirebaseFunctions in Frameworks */,
				56EB4C5D29071FC10082B192 /* FirebaseStorage in Frameworks */,
				56EB4C5329071FC10082B192 /* FirebaseDatabase in Frameworks */,
				56EB4C5929071FC10082B192 /* FirebaseInAppMessaging-Beta in Frameworks */,
				56EB4C4D29071FC10082B192 /* FirebaseAnalyticsSwift in Frameworks */,
				56EB4C4F29071FC10082B192 /* FirebaseAuth in Frameworks */,
				56EB4C4B29071FC10082B192 /* FirebaseAnalytics in Frameworks */,
				56EB4C5129071FC10082B192 /* FirebaseAuthCombine-Community in Frameworks */,
			);
			runOnlyForDeploymentPostprocessing = 0;
		};
		566EDF9B28FDE91B00FD0E4A /* Frameworks */ = {
			isa = PBXFrameworksBuildPhase;
			buildActionMask = 2147483647;
			files = (
			);
			runOnlyForDeploymentPostprocessing = 0;
		};
		566EDFA528FDE91B00FD0E4A /* Frameworks */ = {
			isa = PBXFrameworksBuildPhase;
			buildActionMask = 2147483647;
			files = (
			);
			runOnlyForDeploymentPostprocessing = 0;
		};
/* End PBXFrameworksBuildPhase section */

/* Begin PBXGroup section */
		566EDF8528FDE91900FD0E4A = {
			isa = PBXGroup;
			children = (
				566EDF9028FDE91900FD0E4A /* FindMyHerd */,
				566EDFA128FDE91B00FD0E4A /* FindMyHerdTests */,
				566EDFAB28FDE91B00FD0E4A /* FindMyHerdUITests */,
				566EDF8F28FDE91900FD0E4A /* Products */,
			);
			sourceTree = "<group>";
		};
		566EDF8F28FDE91900FD0E4A /* Products */ = {
			isa = PBXGroup;
			children = (
				566EDF8E28FDE91900FD0E4A /* FindMyHerd.app */,
				566EDF9E28FDE91B00FD0E4A /* FindMyHerdTests.xctest */,
				566EDFA828FDE91B00FD0E4A /* FindMyHerdUITests.xctest */,
			);
			name = Products;
			sourceTree = "<group>";
		};
		566EDF9028FDE91900FD0E4A /* FindMyHerd */ = {
			isa = PBXGroup;
			children = (
				566EDF9128FDE91900FD0E4A /* FindMyHerdApp.swift */,
				566EDF9328FDE91900FD0E4A /* ContentView.swift */,
				566EDF9528FDE91B00FD0E4A /* Assets.xcassets */,
				566EDF9728FDE91B00FD0E4A /* Preview Content */,
				56EB4C47290717A60082B192 /* user_info.swift */,
			);
			path = FindMyHerd;
			sourceTree = "<group>";
		};
		566EDF9728FDE91B00FD0E4A /* Preview Content */ = {
			isa = PBXGroup;
			children = (
				566EDF9828FDE91B00FD0E4A /* Preview Assets.xcassets */,
			);
			path = "Preview Content";
			sourceTree = "<group>";
		};
		566EDFA128FDE91B00FD0E4A /* FindMyHerdTests */ = {
			isa = PBXGroup;
			children = (
				566EDFA228FDE91B00FD0E4A /* FindMyHerdTests.swift */,
			);
			path = FindMyHerdTests;
			sourceTree = "<group>";
		};
		566EDFAB28FDE91B00FD0E4A /* FindMyHerdUITests */ = {
			isa = PBXGroup;
			children = (
				566EDFAC28FDE91B00FD0E4A /* FindMyHerdUITests.swift */,
				566EDFAE28FDE91B00FD0E4A /* FindMyHerdUITestsLaunchTests.swift */,
			);
			path = FindMyHerdUITests;
			sourceTree = "<group>";
		};
/* End PBXGroup section */

/* Begin PBXNativeTarget section */
		566EDF8D28FDE91900FD0E4A /* FindMyHerd */ = {
			isa = PBXNativeTarget;
			buildConfigurationList = 566EDFB228FDE91B00FD0E4A /* Build configuration list for PBXNativeTarget "FindMyHerd" */;
			buildPhases = (
				566EDF8A28FDE91900FD0E4A /* Sources */,
				566EDF8B28FDE91900FD0E4A /* Frameworks */,
				566EDF8C28FDE91900FD0E4A /* Resources */,
			);
			buildRules = (
			);
			dependencies = (
			);
			name = FindMyHerd;
			packageProductDependencies = (
				56EB4C4A29071FC10082B192 /* FirebaseAnalytics */,
				56EB4C4C29071FC10082B192 /* FirebaseAnalyticsSwift */,
				56EB4C4E29071FC10082B192 /* FirebaseAuth */,
				56EB4C5029071FC10082B192 /* FirebaseAuthCombine-Community */,
				56EB4C5229071FC10082B192 /* FirebaseDatabase */,
				56EB4C5429071FC10082B192 /* FirebaseDatabaseSwift */,
				56EB4C5629071FC10082B192 /* FirebaseFunctions */,
				56EB4C5829071FC10082B192 /* FirebaseInAppMessaging-Beta */,
				56EB4C5A29071FC10082B192 /* FirebaseMessaging */,
				56EB4C5C29071FC10082B192 /* FirebaseStorage */,
			);
			productName = FindMyHerd;
			productReference = 566EDF8E28FDE91900FD0E4A /* FindMyHerd.app */;
			productType = "com.apple.product-type.application";
		};
		566EDF9D28FDE91B00FD0E4A /* FindMyHerdTests */ = {
			isa = PBXNativeTarget;
			buildConfigurationList = 566EDFB528FDE91B00FD0E4A /* Build configuration list for PBXNativeTarget "FindMyHerdTests" */;
			buildPhases = (
				566EDF9A28FDE91B00FD0E4A /* Sources */,
				566EDF9B28FDE91B00FD0E4A /* Frameworks */,
				566EDF9C28FDE91B00FD0E4A /* Resources */,
			);
			buildRules = (
			);
			dependencies = (
				566EDFA028FDE91B00FD0E4A /* PBXTargetDependency */,
			);
			name = FindMyHerdTests;
			productName = FindMyHerdTests;
			productReference = 566EDF9E28FDE91B00FD0E4A /* FindMyHerdTests.xctest */;
			productType = "com.apple.product-type.bundle.unit-test";
		};
		566EDFA728FDE91B00FD0E4A /* FindMyHerdUITests */ = {
			isa = PBXNativeTarget;
			buildConfigurationList = 566EDFB828FDE91B00FD0E4A /* Build configuration list for PBXNativeTarget "FindMyHerdUITests" */;
			buildPhases = (
				566EDFA428FDE91B00FD0E4A /* Sources */,
				566EDFA528FDE91B00FD0E4A /* Frameworks */,
				566EDFA628FDE91B00FD0E4A /* Resources */,
			);
			buildRules = (
			);
			dependencies = (
				566EDFAA28FDE91B00FD0E4A /* PBXTargetDependency */,
			);
			name = FindMyHerdUITests;
			productName = FindMyHerdUITests;
			productReference = 566EDFA828FDE91B00FD0E4A /* FindMyHerdUITests.xctest */;
			productType = "com.apple.product-type.bundle.ui-testing";
		};
/* End PBXNativeTarget section */

/* Begin PBXProject section */
		566EDF8628FDE91900FD0E4A /* Project object */ = {
			isa = PBXProject;
			attributes = {
				BuildIndependentTargetsInParallel = 1;
				LastSwiftUpdateCheck = 1400;
				LastUpgradeCheck = 1400;
				TargetAttributes = {
					566EDF8D28FDE91900FD0E4A = {
						CreatedOnToolsVersion = 14.0.1;
					};
					566EDF9D28FDE91B00FD0E4A = {
						CreatedOnToolsVersion = 14.0.1;
						TestTargetID = 566EDF8D28FDE91900FD0E4A;
					};
					566EDFA728FDE91B00FD0E4A = {
						CreatedOnToolsVersion = 14.0.1;
						TestTargetID = 566EDF8D28FDE91900FD0E4A;
					};
				};
			};
			buildConfigurationList = 566EDF8928FDE91900FD0E4A /* Build configuration list for PBXProject "FindMyHerd" */;
			compatibilityVersion = "Xcode 14.0";
			developmentRegion = en;
			hasScannedForEncodings = 0;
			knownRegions = (
				en,
				Base,
			);
			mainGroup = 566EDF8528FDE91900FD0E4A;
			packageReferences = (
				56EB4C4929071FC00082B192 /* XCRemoteSwiftPackageReference "firebase-ios-sdk" */,
			);
			productRefGroup = 566EDF8F28FDE91900FD0E4A /* Products */;
			projectDirPath = "";
			projectRoot = "";
			targets = (
				566EDF8D28FDE91900FD0E4A /* FindMyHerd */,
				566EDF9D28FDE91B00FD0E4A /* FindMyHerdTests */,
				566EDFA728FDE91B00FD0E4A /* FindMyHerdUITests */,
			);
		};
/* End PBXProject section */

/* Begin PBXResourcesBuildPhase section */
		566EDF8C28FDE91900FD0E4A /* Resources */ = {
			isa = PBXResourcesBuildPhase;
			buildActionMask = 2147483647;
			files = (
				566EDF9928FDE91B00FD0E4A /* Preview Assets.xcassets in Resources */,
				566EDF9628FDE91B00FD0E4A /* Assets.xcassets in Resources */,
			);
			runOnlyForDeploymentPostprocessing = 0;
		};
		566EDF9C28FDE91B00FD0E4A /* Resources */ = {
			isa = PBXResourcesBuildPhase;
			buildActionMask = 2147483647;
			files = (
			);
			runOnlyForDeploymentPostprocessing = 0;
		};
		566EDFA628FDE91B00FD0E4A /* Resources */ = {
			isa = PBXResourcesBuildPhase;
			buildActionMask = 2147483647;
			files = (
			);
			runOnlyForDeploymentPostprocessing = 0;
		};
/* End PBXResourcesBuildPhase section */

/* Begin PBXSourcesBuildPhase section */
		566EDF8A28FDE91900FD0E4A /* Sources */ = {
			isa = PBXSourcesBuildPhase;
			buildActionMask = 2147483647;
			files = (
				56EB4C48290717A60082B192 /* user_info.swift in Sources */,
				566EDF9428FDE91900FD0E4A /* ContentView.swift in Sources */,
				566EDF9228FDE91900FD0E4A /* FindMyHerdApp.swift in Sources */,
			);
			runOnlyForDeploymentPostprocessing = 0;
		};
		566EDF9A28FDE91B00FD0E4A /* Sources */ = {
			isa = PBXSourcesBuildPhase;
			buildActionMask = 2147483647;
			files = (
				566EDFA328FDE91B00FD0E4A /* FindMyHerdTests.swift in Sources */,
			);
			runOnlyForDeploymentPostprocessing = 0;
		};
		566EDFA428FDE91B00FD0E4A /* Sources */ = {
			isa = PBXSourcesBuildPhase;
			buildActionMask = 2147483647;
			files = (
				566EDFAF28FDE91B00FD0E4A /* FindMyHerdUITestsLaunchTests.swift in Sources */,
				566EDFAD28FDE91B00FD0E4A /* FindMyHerdUITests.swift in Sources */,
			);
			runOnlyForDeploymentPostprocessing = 0;
		};
/* End PBXSourcesBuildPhase section */

/* Begin PBXTargetDependency section */
		566EDFA028FDE91B00FD0E4A /* PBXTargetDependency */ = {
			isa = PBXTargetDependency;
			target = 566EDF8D28FDE91900FD0E4A /* FindMyHerd */;
			targetProxy = 566EDF9F28FDE91B00FD0E4A /* PBXContainerItemProxy */;
		};
		566EDFAA28FDE91B00FD0E4A /* PBXTargetDependency */ = {
			isa = PBXTargetDependency;
			target = 566EDF8D28FDE91900FD0E4A /* FindMyHerd */;
			targetProxy = 566EDFA928FDE91B00FD0E4A /* PBXContainerItemProxy */;
		};
/* End PBXTargetDependency section */

/* Begin XCBuildConfiguration section */
		566EDFB028FDE91B00FD0E4A /* Debug */ = {
			isa = XCBuildConfiguration;
			buildSettings = {
				ALWAYS_SEARCH_USER_PATHS = NO;
				CLANG_ANALYZER_NONNULL = YES;
				CLANG_ANALYZER_NUMBER_OBJECT_CONVERSION = YES_AGGRESSIVE;
				CLANG_CXX_LANGUAGE_STANDARD = "gnu++20";
				CLANG_ENABLE_MODULES = YES;
				CLANG_ENABLE_OBJC_ARC = YES;
				CLANG_ENABLE_OBJC_WEAK = YES;
				CLANG_WARN_BLOCK_CAPTURE_AUTORELEASING = YES;
				CLANG_WARN_BOOL_CONVERSION = YES;
				CLANG_WARN_COMMA = YES;
				CLANG_WARN_CONSTANT_CONVERSION = YES;
				CLANG_WARN_DEPRECATED_OBJC_IMPLEMENTATIONS = YES;
				CLANG_WARN_DIRECT_OBJC_ISA_USAGE = YES_ERROR;
				CLANG_WARN_DOCUMENTATION_COMMENTS = YES;
				CLANG_WARN_EMPTY_BODY = YES;
				CLANG_WARN_ENUM_CONVERSION = YES;
				CLANG_WARN_INFINITE_RECURSION = YES;
				CLANG_WARN_INT_CONVERSION = YES;
				CLANG_WARN_NON_LITERAL_NULL_CONVERSION = YES;
				CLANG_WARN_OBJC_IMPLICIT_RETAIN_SELF = YES;
				CLANG_WARN_OBJC_LITERAL_CONVERSION = YES;
				CLANG_WARN_OBJC_ROOT_CLASS = YES_ERROR;
				CLANG_WARN_QUOTED_INCLUDE_IN_FRAMEWORK_HEADER = YES;
				CLANG_WARN_RANGE_LOOP_ANALYSIS = YES;
				CLANG_WARN_STRICT_PROTOTYPES = YES;
				CLANG_WARN_SUSPICIOUS_MOVE = YES;
				CLANG_WARN_UNGUARDED_AVAILABILITY = YES_AGGRESSIVE;
				CLANG_WARN_UNREACHABLE_CODE = YES;
				CLANG_WARN__DUPLICATE_METHOD_MATCH = YES;
				COPY_PHASE_STRIP = NO;
				DEBUG_INFORMATION_FORMAT = dwarf;
				ENABLE_STRICT_OBJC_MSGSEND = YES;
				ENABLE_TESTABILITY = YES;
				GCC_C_LANGUAGE_STANDARD = gnu11;
				GCC_DYNAMIC_NO_PIC = NO;
				GCC_NO_COMMON_BLOCKS = YES;
				GCC_OPTIMIZATION_LEVEL = 0;
				GCC_PREPROCESSOR_DEFINITIONS = (
					"DEBUG=1",
					"$(inherited)",
				);
				GCC_WARN_64_TO_32_BIT_CONVERSION = YES;
				GCC_WARN_ABOUT_RETURN_TYPE = YES_ERROR;
				GCC_WARN_UNDECLARED_SELECTOR = YES;
				GCC_WARN_UNINITIALIZED_AUTOS = YES_AGGRESSIVE;
				GCC_WARN_UNUSED_FUNCTION = YES;
				GCC_WARN_UNUSED_VARIABLE = YES;
				IPHONEOS_DEPLOYMENT_TARGET = 16.0;
				MTL_ENABLE_DEBUG_INFO = INCLUDE_SOURCE;
				MTL_FAST_MATH = YES;
				ONLY_ACTIVE_ARCH = YES;
				SDKROOT = iphoneos;
				SWIFT_ACTIVE_COMPILATION_CONDITIONS = DEBUG;
				SWIFT_OPTIMIZATION_LEVEL = "-Onone";
			};
			name = Debug;
		};
		566EDFB128FDE91B00FD0E4A /* Release */ = {
			isa = XCBuildConfiguration;
			buildSettings = {
				ALWAYS_SEARCH_USER_PATHS = NO;
				CLANG_ANALYZER_NONNULL = YES;
				CLANG_ANALYZER_NUMBER_OBJECT_CONVERSION = YES_AGGRESSIVE;
				CLANG_CXX_LANGUAGE_STANDARD = "gnu++20";
				CLANG_ENABLE_MODULES = YES;
				CLANG_ENABLE_OBJC_ARC = YES;
				CLANG_ENABLE_OBJC_WEAK = YES;
				CLANG_WARN_BLOCK_CAPTURE_AUTORELEASING = YES;
				CLANG_WARN_BOOL_CONVERSION = YES;
				CLANG_WARN_COMMA = YES;
				CLANG_WARN_CONSTANT_CONVERSION = YES;
				CLANG_WARN_DEPRECATED_OBJC_IMPLEMENTATIONS = YES;
				CLANG_WARN_DIRECT_OBJC_ISA_USAGE = YES_ERROR;
				CLANG_WARN_DOCUMENTATION_COMMENTS = YES;
				CLANG_WARN_EMPTY_BODY = YES;
				CLANG_WARN_ENUM_CONVERSION = YES;
				CLANG_WARN_INFINITE_RECURSION = YES;
				CLANG_WARN_INT_CONVERSION = YES;
				CLANG_WARN_NON_LITERAL_NULL_CONVERSION = YES;
				CLANG_WARN_OBJC_IMPLICIT_RETAIN_SELF = YES;
				CLANG_WARN_OBJC_LITERAL_CONVERSION = YES;
				CLANG_WARN_OBJC_ROOT_CLASS = YES_ERROR;
				CLANG_WARN_QUOTED_INCLUDE_IN_FRAMEWORK_HEADER = YES;
				CLANG_WARN_RANGE_LOOP_ANALYSIS = YES;
				CLANG_WARN_STRICT_PROTOTYPES = YES;
				CLANG_WARN_SUSPICIOUS_MOVE = YES;
				CLANG_WARN_UNGUARDED_AVAILABILITY = YES_AGGRESSIVE;
				CLANG_WARN_UNREACHABLE_CODE = YES;
				CLANG_WARN__DUPLICATE_METHOD_MATCH = YES;
				COPY_PHASE_STRIP = NO;
				DEBUG_INFORMATION_FORMAT = "dwarf-with-dsym";
				ENABLE_NS_ASSERTIONS = NO;
				ENABLE_STRICT_OBJC_MSGSEND = YES;
				GCC_C_LANGUAGE_STANDARD = gnu11;
				GCC_NO_COMMON_BLOCKS = YES;
				GCC_WARN_64_TO_32_BIT_CONVERSION = YES;
				GCC_WARN_ABOUT_RETURN_TYPE = YES_ERROR;
				GCC_WARN_UNDECLARED_SELECTOR = YES;
				GCC_WARN_UNINITIALIZED_AUTOS = YES_AGGRESSIVE;
				GCC_WARN_UNUSED_FUNCTION = YES;
				GCC_WARN_UNUSED_VARIABLE = YES;
				IPHONEOS_DEPLOYMENT_TARGET = 16.0;
				MTL_ENABLE_DEBUG_INFO = NO;
				MTL_FAST_MATH = YES;
				SDKROOT = iphoneos;
				SWIFT_COMPILATION_MODE = wholemodule;
				SWIFT_OPTIMIZATION_LEVEL = "-O";
				VALIDATE_PRODUCT = YES;
			};
			name = Release;
		};
		566EDFB328FDE91B00FD0E4A /* Debug */ = {
			isa = XCBuildConfiguration;
			buildSettings = {
				ASSETCATALOG_COMPILER_APPICON_NAME = AppIcon;
				ASSETCATALOG_COMPILER_GLOBAL_ACCENT_COLOR_NAME = AccentColor;
				CODE_SIGN_STYLE = Automatic;
				CURRENT_PROJECT_VERSION = 1;
				DEVELOPMENT_ASSET_PATHS = "\"FindMyHerd/Preview Content\"";
				ENABLE_PREVIEWS = YES;
				GENERATE_INFOPLIST_FILE = YES;
				INFOPLIST_KEY_UIApplicationSceneManifest_Generation = YES;
				INFOPLIST_KEY_UIApplicationSupportsIndirectInputEvents = YES;
				INFOPLIST_KEY_UILaunchScreen_Generation = YES;
				INFOPLIST_KEY_UISupportedInterfaceOrientations_iPad = "UIInterfaceOrientationPortrait UIInterfaceOrientationPortraitUpsideDown UIInterfaceOrientationLandscapeLeft UIInterfaceOrientationLandscapeRight";
				INFOPLIST_KEY_UISupportedInterfaceOrientations_iPhone = "UIInterfaceOrientationPortrait UIInterfaceOrientationLandscapeLeft UIInterfaceOrientationLandscapeRight";
				LD_RUNPATH_SEARCH_PATHS = (
					"$(inherited)",
					"@executable_path/Frameworks",
				);
				MARKETING_VERSION = 1.0;
				PRODUCT_BUNDLE_IDENTIFIER = Herd.FindMyHerd;
				PRODUCT_NAME = "$(TARGET_NAME)";
				SWIFT_EMIT_LOC_STRINGS = YES;
				SWIFT_VERSION = 5.0;
				TARGETED_DEVICE_FAMILY = "1,2";
			};
			name = Debug;
		};
		566EDFB428FDE91B00FD0E4A /* Release */ = {
			isa = XCBuildConfiguration;
			buildSettings = {
				ASSETCATALOG_COMPILER_APPICON_NAME = AppIcon;
				ASSETCATALOG_COMPILER_GLOBAL_ACCENT_COLOR_NAME = AccentColor;
				CODE_SIGN_STYLE = Automatic;
				CURRENT_PROJECT_VERSION = 1;
				DEVELOPMENT_ASSET_PATHS = "\"FindMyHerd/Preview Content\"";
				ENABLE_PREVIEWS = YES;
				GENERATE_INFOPLIST_FILE = YES;
				INFOPLIST_KEY_UIApplicationSceneManifest_Generation = YES;
				INFOPLIST_KEY_UIApplicationSupportsIndirectInputEvents = YES;
				INFOPLIST_KEY_UILaunchScreen_Generation = YES;
				INFOPLIST_KEY_UISupportedInterfaceOrientations_iPad = "UIInterfaceOrientationPortrait UIInterfaceOrientationPortraitUpsideDown UIInterfaceOrientationLandscapeLeft UIInterfaceOrientationLandscapeRight";
				INFOPLIST_KEY_UISupportedInterfaceOrientations_iPhone = "UIInterfaceOrientationPortrait UIInterfaceOrientationLandscapeLeft UIInterfaceOrientationLandscapeRight";
				LD_RUNPATH_SEARCH_PATHS = (
					"$(inherited)",
					"@executable_path/Frameworks",
				);
				MARKETING_VERSION = 1.0;
				PRODUCT_BUNDLE_IDENTIFIER = Herd.FindMyHerd;
				PRODUCT_NAME = "$(TARGET_NAME)";
				SWIFT_EMIT_LOC_STRINGS = YES;
				SWIFT_VERSION = 5.0;
				TARGETED_DEVICE_FAMILY = "1,2";
			};
			name = Release;
		};
		566EDFB628FDE91B00FD0E4A /* Debug */ = {
			isa = XCBuildConfiguration;
			buildSettings = {
				ALWAYS_EMBED_SWIFT_STANDARD_LIBRARIES = YES;
				BUNDLE_LOADER = "$(TEST_HOST)";
				CODE_SIGN_STYLE = Automatic;
				CURRENT_PROJECT_VERSION = 1;
				GENERATE_INFOPLIST_FILE = YES;
				IPHONEOS_DEPLOYMENT_TARGET = 16.0;
				MARKETING_VERSION = 1.0;
				PRODUCT_BUNDLE_IDENTIFIER = Herd.FindMyHerdTests;
				PRODUCT_NAME = "$(TARGET_NAME)";
				SWIFT_EMIT_LOC_STRINGS = NO;
				SWIFT_VERSION = 5.0;
				TARGETED_DEVICE_FAMILY = "1,2";
				TEST_HOST = "$(BUILT_PRODUCTS_DIR)/FindMyHerd.app/$(BUNDLE_EXECUTABLE_FOLDER_PATH)/FindMyHerd";
			};
			name = Debug;
		};
		566EDFB728FDE91B00FD0E4A /* Release */ = {
			isa = XCBuildConfiguration;
			buildSettings = {
				ALWAYS_EMBED_SWIFT_STANDARD_LIBRARIES = YES;
				BUNDLE_LOADER = "$(TEST_HOST)";
				CODE_SIGN_STYLE = Automatic;
				CURRENT_PROJECT_VERSION = 1;
				GENERATE_INFOPLIST_FILE = YES;
				IPHONEOS_DEPLOYMENT_TARGET = 16.0;
				MARKETING_VERSION = 1.0;
				PRODUCT_BUNDLE_IDENTIFIER = Herd.FindMyHerdTests;
				PRODUCT_NAME = "$(TARGET_NAME)";
				SWIFT_EMIT_LOC_STRINGS = NO;
				SWIFT_VERSION = 5.0;
				TARGETED_DEVICE_FAMILY = "1,2";
				TEST_HOST = "$(BUILT_PRODUCTS_DIR)/FindMyHerd.app/$(BUNDLE_EXECUTABLE_FOLDER_PATH)/FindMyHerd";
			};
			name = Release;
		};
		566EDFB928FDE91B00FD0E4A /* Debug */ = {
			isa = XCBuildConfiguration;
			buildSettings = {
				ALWAYS_EMBED_SWIFT_STANDARD_LIBRARIES = YES;
				CODE_SIGN_STYLE = Automatic;
				CURRENT_PROJECT_VERSION = 1;
				GENERATE_INFOPLIST_FILE = YES;
				MARKETING_VERSION = 1.0;
				PRODUCT_BUNDLE_IDENTIFIER = Herd.FindMyHerdUITests;
				PRODUCT_NAME = "$(TARGET_NAME)";
				SWIFT_EMIT_LOC_STRINGS = NO;
				SWIFT_VERSION = 5.0;
				TARGETED_DEVICE_FAMILY = "1,2";
				TEST_TARGET_NAME = FindMyHerd;
			};
			name = Debug;
		};
		566EDFBA28FDE91B00FD0E4A /* Release */ = {
			isa = XCBuildConfiguration;
			buildSettings = {
				ALWAYS_EMBED_SWIFT_STANDARD_LIBRARIES = YES;
				CODE_SIGN_STYLE = Automatic;
				CURRENT_PROJECT_VERSION = 1;
				GENERATE_INFOPLIST_FILE = YES;
				MARKETING_VERSION = 1.0;
				PRODUCT_BUNDLE_IDENTIFIER = Herd.FindMyHerdUITests;
				PRODUCT_NAME = "$(TARGET_NAME)";
				SWIFT_EMIT_LOC_STRINGS = NO;
				SWIFT_VERSION = 5.0;
				TARGETED_DEVICE_FAMILY = "1,2";
				TEST_TARGET_NAME = FindMyHerd;
			};
			name = Release;
		};
/* End XCBuildConfiguration section */

/* Begin XCConfigurationList section */
		566EDF8928FDE91900FD0E4A /* Build configuration list for PBXProject "FindMyHerd" */ = {
			isa = XCConfigurationList;
			buildConfigurations = (
				566EDFB028FDE91B00FD0E4A /* Debug */,
				566EDFB128FDE91B00FD0E4A /* Release */,
			);
			defaultConfigurationIsVisible = 0;
			defaultConfigurationName = Release;
		};
		566EDFB228FDE91B00FD0E4A /* Build configuration list for PBXNativeTarget "FindMyHerd" */ = {
			isa = XCConfigurationList;
			buildConfigurations = (
				566EDFB328FDE91B00FD0E4A /* Debug */,
				566EDFB428FDE91B00FD0E4A /* Release */,
			);
			defaultConfigurationIsVisible = 0;
			defaultConfigurationName = Release;
		};
		566EDFB528FDE91B00FD0E4A /* Build configuration list for PBXNativeTarget "FindMyHerdTests" */ = {
			isa = XCConfigurationList;
			buildConfigurations = (
				566EDFB628FDE91B00FD0E4A /* Debug */,
				566EDFB728FDE91B00FD0E4A /* Release */,
			);
			defaultConfigurationIsVisible = 0;
			defaultConfigurationName = Release;
		};
		566EDFB828FDE91B00FD0E4A /* Build configuration list for PBXNativeTarget "FindMyHerdUITests" */ = {
			isa = XCConfigurationList;
			buildConfigurations = (
				566EDFB928FDE91B00FD0E4A /* Debug */,
				566EDFBA28FDE91B00FD0E4A /* Release */,
			);
			defaultConfigurationIsVisible = 0;
			defaultConfigurationName = Release;
		};
/* End XCConfigurationList section */

/* Begin XCRemoteSwiftPackageReference section */
		56EB4C4929071FC00082B192 /* XCRemoteSwiftPackageReference "firebase-ios-sdk" */ = {
			isa = XCRemoteSwiftPackageReference;
			repositoryURL = "https://github.com/firebase/firebase-ios-sdk";
			requirement = {
				kind = upToNextMajorVersion;
				minimumVersion = 9.0.0;
			};
		};
/* End XCRemoteSwiftPackageReference section */

/* Begin XCSwiftPackageProductDependency section */
		56EB4C4A29071FC10082B192 /* FirebaseAnalytics */ = {
			isa = XCSwiftPackageProductDependency;
			package = 56EB4C4929071FC00082B192 /* XCRemoteSwiftPackageReference "firebase-ios-sdk" */;
			productName = FirebaseAnalytics;
		};
		56EB4C4C29071FC10082B192 /* FirebaseAnalyticsSwift */ = {
			isa = XCSwiftPackageProductDependency;
			package = 56EB4C4929071FC00082B192 /* XCRemoteSwiftPackageReference "firebase-ios-sdk" */;
			productName = FirebaseAnalyticsSwift;
		};
		56EB4C4E29071FC10082B192 /* FirebaseAuth */ = {
			isa = XCSwiftPackageProductDependency;
			package = 56EB4C4929071FC00082B192 /* XCRemoteSwiftPackageReference "firebase-ios-sdk" */;
			productName = FirebaseAuth;
		};
		56EB4C5029071FC10082B192 /* FirebaseAuthCombine-Community */ = {
			isa = XCSwiftPackageProductDependency;
			package = 56EB4C4929071FC00082B192 /* XCRemoteSwiftPackageReference "firebase-ios-sdk" */;
			productName = "FirebaseAuthCombine-Community";
		};
		56EB4C5229071FC10082B192 /* FirebaseDatabase */ = {
			isa = XCSwiftPackageProductDependency;
			package = 56EB4C4929071FC00082B192 /* XCRemoteSwiftPackageReference "firebase-ios-sdk" */;
			productName = FirebaseDatabase;
		};
		56EB4C5429071FC10082B192 /* FirebaseDatabaseSwift */ = {
			isa = XCSwiftPackageProductDependency;
			package = 56EB4C4929071FC00082B192 /* XCRemoteSwiftPackageReference "firebase-ios-sdk" */;
			productName = FirebaseDatabaseSwift;
		};
		56EB4C5629071FC10082B192 /* FirebaseFunctions */ = {
			isa = XCSwiftPackageProductDependency;
			package = 56EB4C4929071FC00082B192 /* XCRemoteSwiftPackageReference "firebase-ios-sdk" */;
			productName = FirebaseFunctions;
		};
		56EB4C5829071FC10082B192 /* FirebaseInAppMessaging-Beta */ = {
			isa = XCSwiftPackageProductDependency;
			package = 56EB4C4929071FC00082B192 /* XCRemoteSwiftPackageReference "firebase-ios-sdk" */;
			productName = "FirebaseInAppMessaging-Beta";
		};
		56EB4C5A29071FC10082B192 /* FirebaseMessaging */ = {
			isa = XCSwiftPackageProductDependency;
			package = 56EB4C4929071FC00082B192 /* XCRemoteSwiftPackageReference "firebase-ios-sdk" */;
			productName = FirebaseMessaging;
		};
		56EB4C5C29071FC10082B192 /* FirebaseStorage */ = {
			isa = XCSwiftPackageProductDependency;
			package = 56EB4C4929071FC00082B192 /* XCRemoteSwiftPackageReference "firebase-ios-sdk" */;
			productName = FirebaseStorage;
		};
/* End XCSwiftPackageProductDependency section */
	};
	rootObject = 566EDF8628FDE91900FD0E4A /* Project object */;
}
